
Microsoft Visual Studio Solution File, Format Version 12.00
# Visual Studio Version 17
VisualStudioVersion = 17.13.35931.197 d17.13
MinimumVisualStudioVersion = 10.0.40219.1
Project("{FAE04EC0-301F-11D3-BF4B-00C04F79EFBC}") = "Strapi.Net", "Strapi.Net.csproj", "{B93BAE64-3865-4188-84CC-3ACAA3C21EE5}"
EndProject
Global
	GlobalSection(SolutionConfigurationPlatforms) = preSolution
		Debug|Any CPU = Debug|Any CPU
		Release|Any CPU = Release|Any CPU
	EndGlobalSection
	GlobalSection(ProjectConfigurationPlatforms) = postSolution
		{B93BAE64-3865-4188-84CC-3ACAA3C21EE5}.Debug|Any CPU.ActiveCfg = Debug|Any CPU
		{B93BAE64-3865-4188-84CC-3ACAA3C21EE5}.Debug|Any CPU.Build.0 = Debug|Any CPU
		{B93BAE64-3865-4188-84CC-3ACAA3C21EE5}.Release|Any CPU.ActiveCfg = Release|Any CPU
		{B93BAE64-3865-4188-84CC-3ACAA3C21EE5}.Release|Any CPU.Build.0 = Release|Any CPU
	EndGlobalSection
	GlobalSection(SolutionProperties) = preSolution
		HideSolutionNode = FALSE
	EndGlobalSection
	GlobalSection(ExtensibilityGlobals) = postSolution
		SolutionGuid = {C01C9511-A1FC-4FCF-8B57-F6267DBA2426}
	EndGlobalSection
EndGlobal
